// !$*UTF8*$!
{
	archiveVersion = 1;
	classes = {
	};
	objectVersion = 46;
	objects = {

/* Begin PBXBuildFile section */
		9EC89E3B1A530C17001E1B34 /* HWGOptionsViewController.m in Sources */ = {isa = PBXBuildFile; fileRef = 9EC89E3A1A530C17001E1B34 /* HWGOptionsViewController.m */; };
		9ECB1EE21A504C150092EFFA /* main.m in Sources */ = {isa = PBXBuildFile; fileRef = 9ECB1EE11A504C150092EFFA /* main.m */; };
		9ECB1EE51A504C150092EFFA /* AppDelegate.m in Sources */ = {isa = PBXBuildFile; fileRef = 9ECB1EE41A504C150092EFFA /* AppDelegate.m */; };
		9ECB1EE81A504C150092EFFA /* ViewController.m in Sources */ = {isa = PBXBuildFile; fileRef = 9ECB1EE71A504C150092EFFA /* ViewController.m */; };
		9ECB1EEB1A504C150092EFFA /* Main.storyboard in Resources */ = {isa = PBXBuildFile; fileRef = 9ECB1EE91A504C150092EFFA /* Main.storyboard */; };
		9ECB1EED1A504C150092EFFA /* Images.xcassets in Resources */ = {isa = PBXBuildFile; fileRef = 9ECB1EEC1A504C150092EFFA /* Images.xcassets */; };
		9ECB1EF01A504C150092EFFA /* LaunchScreen.xib in Resources */ = {isa = PBXBuildFile; fileRef = 9ECB1EEE1A504C150092EFFA /* LaunchScreen.xib */; };
		9ECB1EFC1A504C150092EFFA /* StudyAidTests.m in Sources */ = {isa = PBXBuildFile; fileRef = 9ECB1EFB1A504C150092EFFA /* StudyAidTests.m */; };
		9ECB1F071A50A4350092EFFA /* HiddenWordGame.m in Sources */ = {isa = PBXBuildFile; fileRef = 9ECB1F061A50A4350092EFFA /* HiddenWordGame.m */; };
		9ECD77DB1A61944F0008F3EB /* NotebookLarge.png in Resources */ = {isa = PBXBuildFile; fileRef = 9ECD77DA1A61944F0008F3EB /* NotebookLarge.png */; };
		9ECD77E01A6216430008F3EB /* HWGWordToIgnoreTableViewCell.m in Sources */ = {isa = PBXBuildFile; fileRef = 9ECD77DF1A6216430008F3EB /* HWGWordToIgnoreTableViewCell.m */; };
		9ECD77E31A62165A0008F3EB /* HWGCharacterToTrimTableViewCell.m in Sources */ = {isa = PBXBuildFile; fileRef = 9ECD77E21A62165A0008F3EB /* HWGCharacterToTrimTableViewCell.m */; };
		9ECF50331A5B88A6002D2304 /* HWGOptionsCharactersToTrim.m in Sources */ = {isa = PBXBuildFile; fileRef = 9ECF50301A5B88A6002D2304 /* HWGOptionsCharactersToTrim.m */; };
		9ECF50341A5B88A6002D2304 /* HWGOptionsWordsToIgnore.m in Sources */ = {isa = PBXBuildFile; fileRef = 9ECF50321A5B88A6002D2304 /* HWGOptionsWordsToIgnore.m */; };
		9ECF50371A5E1090002D2304 /* HWGOptionsColorToStore.m in Sources */ = {isa = PBXBuildFile; fileRef = 9ECF50361A5E1090002D2304 /* HWGOptionsColorToStore.m */; };
		9ED5BE5D1A69E3FC00616382 /* HWGDefaultPreferences.m in Sources */ = {isa = PBXBuildFile; fileRef = 9ED5BE5C1A69E3FC00616382 /* HWGDefaultPreferences.m */; };
		9ED5BE5F1A6B597500616382 /* StoreKit.framework in Frameworks */ = {isa = PBXBuildFile; fileRef = 9ED5BE5E1A6B597500616382 /* StoreKit.framework */; };
		9ED8350F1A5434320071392E /* HWGInvalidCharacterRemover.m in Sources */ = {isa = PBXBuildFile; fileRef = 9ED8350E1A5434320071392E /* HWGInvalidCharacterRemover.m */; };
		9ED835121A5436420071392E /* HWGCommonWordFilter.m in Sources */ = {isa = PBXBuildFile; fileRef = 9ED835111A5436420071392E /* HWGCommonWordFilter.m */; };
		9ED835151A5437C70071392E /* HWGWordSearcher.m in Sources */ = {isa = PBXBuildFile; fileRef = 9ED835141A5437C70071392E /* HWGWordSearcher.m */; };
		9ED835181A5438800071392E /* HWGWordHighlighter.m in Sources */ = {isa = PBXBuildFile; fileRef = 9ED835171A5438800071392E /* HWGWordHighlighter.m */; };
		9ED835211A54462A0071392E /* HWGWordAndRangeStorage.m in Sources */ = {isa = PBXBuildFile; fileRef = 9ED835201A54462A0071392E /* HWGWordAndRangeStorage.m */; };
		9ED835241A544D1B0071392E /* HWGWordAndRangeStorageToHighlight.m in Sources */ = {isa = PBXBuildFile; fileRef = 9ED835231A544D1B0071392E /* HWGWordAndRangeStorageToHighlight.m */; };
		9ED835271A560AB40071392E /* HWGTextViewText.m in Sources */ = {isa = PBXBuildFile; fileRef = 9ED835261A560AB40071392E /* HWGTextViewText.m */; };
/* End PBXBuildFile section */

/* Begin PBXContainerItemProxy section */
		9ECB1EF61A504C150092EFFA /* PBXContainerItemProxy */ = {
			isa = PBXContainerItemProxy;
			containerPortal = 9ECB1ED41A504C150092EFFA /* Project object */;
			proxyType = 1;
			remoteGlobalIDString = 9ECB1EDB1A504C150092EFFA;
			remoteInfo = StudyAid;
		};
/* End PBXContainerItemProxy section */

/* Begin PBXFileReference section */
		9EC89E391A530C17001E1B34 /* HWGOptionsViewController.h */ = {isa = PBXFileReference; fileEncoding = 4; lastKnownFileType = sourcecode.c.h; path = HWGOptionsViewController.h; sourceTree = "<group>"; };
		9EC89E3A1A530C17001E1B34 /* HWGOptionsViewController.m */ = {isa = PBXFileReference; fileEncoding = 4; lastKnownFileType = sourcecode.c.objc; path = HWGOptionsViewController.m; sourceTree = "<group>"; };
		9ECB1EDC1A504C150092EFFA /* StudyAid.app */ = {isa = PBXFileReference; explicitFileType = wrapper.application; includeInIndex = 0; path = StudyAid.app; sourceTree = BUILT_PRODUCTS_DIR; };
		9ECB1EE01A504C150092EFFA /* Info.plist */ = {isa = PBXFileReference; lastKnownFileType = text.plist.xml; path = Info.plist; sourceTree = "<group>"; };
		9ECB1EE11A504C150092EFFA /* main.m */ = {isa = PBXFileReference; lastKnownFileType = sourcecode.c.objc; path = main.m; sourceTree = "<group>"; };
		9ECB1EE31A504C150092EFFA /* AppDelegate.h */ = {isa = PBXFileReference; lastKnownFileType = sourcecode.c.h; path = AppDelegate.h; sourceTree = "<group>"; };
		9ECB1EE41A504C150092EFFA /* AppDelegate.m */ = {isa = PBXFileReference; lastKnownFileType = sourcecode.c.objc; path = AppDelegate.m; sourceTree = "<group>"; };
		9ECB1EE61A504C150092EFFA /* ViewController.h */ = {isa = PBXFileReference; lastKnownFileType = sourcecode.c.h; path = ViewController.h; sourceTree = "<group>"; };
		9ECB1EE71A504C150092EFFA /* ViewController.m */ = {isa = PBXFileReference; lastKnownFileType = sourcecode.c.objc; path = ViewController.m; sourceTree = "<group>"; };
		9ECB1EEA1A504C150092EFFA /* Base */ = {isa = PBXFileReference; lastKnownFileType = file.storyboard; name = Base; path = Base.lproj/Main.storyboard; sourceTree = "<group>"; };
		9ECB1EEC1A504C150092EFFA /* Images.xcassets */ = {isa = PBXFileReference; lastKnownFileType = folder.assetcatalog; path = Images.xcassets; sourceTree = "<group>"; };
		9ECB1EEF1A504C150092EFFA /* Base */ = {isa = PBXFileReference; lastKnownFileType = file.xib; name = Base; path = Base.lproj/LaunchScreen.xib; sourceTree = "<group>"; };
		9ECB1EF51A504C150092EFFA /* StudyAidTests.xctest */ = {isa = PBXFileReference; explicitFileType = wrapper.cfbundle; includeInIndex = 0; path = StudyAidTests.xctest; sourceTree = BUILT_PRODUCTS_DIR; };
		9ECB1EFA1A504C150092EFFA /* Info.plist */ = {isa = PBXFileReference; lastKnownFileType = text.plist.xml; path = Info.plist; sourceTree = "<group>"; };
		9ECB1EFB1A504C150092EFFA /* StudyAidTests.m */ = {isa = PBXFileReference; lastKnownFileType = sourcecode.c.objc; path = StudyAidTests.m; sourceTree = "<group>"; };
		9ECB1F051A50A4350092EFFA /* HiddenWordGame.h */ = {isa = PBXFileReference; fileEncoding = 4; lastKnownFileType = sourcecode.c.h; path = HiddenWordGame.h; sourceTree = "<group>"; };
		9ECB1F061A50A4350092EFFA /* HiddenWordGame.m */ = {isa = PBXFileReference; fileEncoding = 4; lastKnownFileType = sourcecode.c.objc; path = HiddenWordGame.m; sourceTree = "<group>"; };
		9ECD77DA1A61944F0008F3EB /* NotebookLarge.png */ = {isa = PBXFileReference; lastKnownFileType = image.png; path = NotebookLarge.png; sourceTree = "<group>"; };
		9ECD77DE1A6216430008F3EB /* HWGWordToIgnoreTableViewCell.h */ = {isa = PBXFileReference; fileEncoding = 4; lastKnownFileType = sourcecode.c.h; path = HWGWordToIgnoreTableViewCell.h; sourceTree = "<group>"; };
		9ECD77DF1A6216430008F3EB /* HWGWordToIgnoreTableViewCell.m */ = {isa = PBXFileReference; fileEncoding = 4; lastKnownFileType = sourcecode.c.objc; path = HWGWordToIgnoreTableViewCell.m; sourceTree = "<group>"; };
		9ECD77E11A62165A0008F3EB /* HWGCharacterToTrimTableViewCell.h */ = {isa = PBXFileReference; fileEncoding = 4; lastKnownFileType = sourcecode.c.h; path = HWGCharacterToTrimTableViewCell.h; sourceTree = "<group>"; };
		9ECD77E21A62165A0008F3EB /* HWGCharacterToTrimTableViewCell.m */ = {isa = PBXFileReference; fileEncoding = 4; lastKnownFileType = sourcecode.c.objc; path = HWGCharacterToTrimTableViewCell.m; sourceTree = "<group>"; };
		9ECF502F1A5B88A6002D2304 /* HWGOptionsCharactersToTrim.h */ = {isa = PBXFileReference; fileEncoding = 4; lastKnownFileType = sourcecode.c.h; path = HWGOptionsCharactersToTrim.h; sourceTree = "<group>"; };
		9ECF50301A5B88A6002D2304 /* HWGOptionsCharactersToTrim.m */ = {isa = PBXFileReference; fileEncoding = 4; lastKnownFileType = sourcecode.c.objc; path = HWGOptionsCharactersToTrim.m; sourceTree = "<group>"; };
		9ECF50311A5B88A6002D2304 /* HWGOptionsWordsToIgnore.h */ = {isa = PBXFileReference; fileEncoding = 4; lastKnownFileType = sourcecode.c.h; path = HWGOptionsWordsToIgnore.h; sourceTree = "<group>"; };
		9ECF50321A5B88A6002D2304 /* HWGOptionsWordsToIgnore.m */ = {isa = PBXFileReference; fileEncoding = 4; lastKnownFileType = sourcecode.c.objc; path = HWGOptionsWordsToIgnore.m; sourceTree = "<group>"; };
		9ECF50351A5E1090002D2304 /* HWGOptionsColorToStore.h */ = {isa = PBXFileReference; fileEncoding = 4; lastKnownFileType = sourcecode.c.h; path = HWGOptionsColorToStore.h; sourceTree = "<group>"; };
		9ECF50361A5E1090002D2304 /* HWGOptionsColorToStore.m */ = {isa = PBXFileReference; fileEncoding = 4; lastKnownFileType = sourcecode.c.objc; path = HWGOptionsColorToStore.m; sourceTree = "<group>"; };
		9ED5BE5B1A69E3FC00616382 /* HWGDefaultPreferences.h */ = {isa = PBXFileReference; fileEncoding = 4; lastKnownFileType = sourcecode.c.h; path = HWGDefaultPreferences.h; sourceTree = "<group>"; };
		9ED5BE5C1A69E3FC00616382 /* HWGDefaultPreferences.m */ = {isa = PBXFileReference; fileEncoding = 4; lastKnownFileType = sourcecode.c.objc; path = HWGDefaultPreferences.m; sourceTree = "<group>"; };
		9ED5BE5E1A6B597500616382 /* StoreKit.framework */ = {isa = PBXFileReference; lastKnownFileType = wrapper.framework; name = StoreKit.framework; path = System/Library/Frameworks/StoreKit.framework; sourceTree = SDKROOT; };
		9ED8350D1A5434320071392E /* HWGInvalidCharacterRemover.h */ = {isa = PBXFileReference; fileEncoding = 4; lastKnownFileType = sourcecode.c.h; path = HWGInvalidCharacterRemover.h; sourceTree = "<group>"; };
		9ED8350E1A5434320071392E /* HWGInvalidCharacterRemover.m */ = {isa = PBXFileReference; fileEncoding = 4; lastKnownFileType = sourcecode.c.objc; path = HWGInvalidCharacterRemover.m; sourceTree = "<group>"; };
		9ED835101A5436420071392E /* HWGCommonWordFilter.h */ = {isa = PBXFileReference; fileEncoding = 4; lastKnownFileType = sourcecode.c.h; path = HWGCommonWordFilter.h; sourceTree = "<group>"; };
		9ED835111A5436420071392E /* HWGCommonWordFilter.m */ = {isa = PBXFileReference; fileEncoding = 4; lastKnownFileType = sourcecode.c.objc; path = HWGCommonWordFilter.m; sourceTree = "<group>"; };
		9ED835131A5437C70071392E /* HWGWordSearcher.h */ = {isa = PBXFileReference; fileEncoding = 4; lastKnownFileType = sourcecode.c.h; path = HWGWordSearcher.h; sourceTree = "<group>"; };
		9ED835141A5437C70071392E /* HWGWordSearcher.m */ = {isa = PBXFileReference; fileEncoding = 4; lastKnownFileType = sourcecode.c.objc; path = HWGWordSearcher.m; sourceTree = "<group>"; };
		9ED835161A5438800071392E /* HWGWordHighlighter.h */ = {isa = PBXFileReference; fileEncoding = 4; lastKnownFileType = sourcecode.c.h; path = HWGWordHighlighter.h; sourceTree = "<group>"; };
		9ED835171A5438800071392E /* HWGWordHighlighter.m */ = {isa = PBXFileReference; fileEncoding = 4; lastKnownFileType = sourcecode.c.objc; path = HWGWordHighlighter.m; sourceTree = "<group>"; };
		9ED8351F1A54462A0071392E /* HWGWordAndRangeStorage.h */ = {isa = PBXFileReference; fileEncoding = 4; lastKnownFileType = sourcecode.c.h; path = HWGWordAndRangeStorage.h; sourceTree = "<group>"; };
		9ED835201A54462A0071392E /* HWGWordAndRangeStorage.m */ = {isa = PBXFileReference; fileEncoding = 4; lastKnownFileType = sourcecode.c.objc; path = HWGWordAndRangeStorage.m; sourceTree = "<group>"; };
		9ED835221A544D1B0071392E /* HWGWordAndRangeStorageToHighlight.h */ = {isa = PBXFileReference; fileEncoding = 4; lastKnownFileType = sourcecode.c.h; path = HWGWordAndRangeStorageToHighlight.h; sourceTree = "<group>"; };
		9ED835231A544D1B0071392E /* HWGWordAndRangeStorageToHighlight.m */ = {isa = PBXFileReference; fileEncoding = 4; lastKnownFileType = sourcecode.c.objc; path = HWGWordAndRangeStorageToHighlight.m; sourceTree = "<group>"; };
		9ED835251A560AB40071392E /* HWGTextViewText.h */ = {isa = PBXFileReference; fileEncoding = 4; lastKnownFileType = sourcecode.c.h; path = HWGTextViewText.h; sourceTree = "<group>"; };
		9ED835261A560AB40071392E /* HWGTextViewText.m */ = {isa = PBXFileReference; fileEncoding = 4; lastKnownFileType = sourcecode.c.objc; path = HWGTextViewText.m; sourceTree = "<group>"; };
/* End PBXFileReference section */

/* Begin PBXFrameworksBuildPhase section */
		9ECB1ED91A504C150092EFFA /* Frameworks */ = {
			isa = PBXFrameworksBuildPhase;
			buildActionMask = 2147483647;
			files = (
				9ED5BE5F1A6B597500616382 /* StoreKit.framework in Frameworks */,
			);
			runOnlyForDeploymentPostprocessing = 0;
		};
		9ECB1EF21A504C150092EFFA /* Frameworks */ = {
			isa = PBXFrameworksBuildPhase;
			buildActionMask = 2147483647;
			files = (
			);
			runOnlyForDeploymentPostprocessing = 0;
		};
/* End PBXFrameworksBuildPhase section */

/* Begin PBXGroup section */
		9ECB1ED31A504C150092EFFA = {
			isa = PBXGroup;
			children = (
				9ED5BE5E1A6B597500616382 /* StoreKit.framework */,
				9ECB1EDE1A504C150092EFFA /* StudyAid */,
				9ECB1EF81A504C150092EFFA /* StudyAidTests */,
				9ECB1EDD1A504C150092EFFA /* Products */,
			);
			sourceTree = "<group>";
		};
		9ECB1EDD1A504C150092EFFA /* Products */ = {
			isa = PBXGroup;
			children = (
				9ECB1EDC1A504C150092EFFA /* StudyAid.app */,
				9ECB1EF51A504C150092EFFA /* StudyAidTests.xctest */,
			);
			name = Products;
			sourceTree = "<group>";
		};
		9ECB1EDE1A504C150092EFFA /* StudyAid */ = {
			isa = PBXGroup;
			children = (
				9ECB1EE31A504C150092EFFA /* AppDelegate.h */,
				9ECB1EE41A504C150092EFFA /* AppDelegate.m */,
				9ECD77DA1A61944F0008F3EB /* NotebookLarge.png */,
				9ECB1EE61A504C150092EFFA /* ViewController.h */,
				9ECB1EE71A504C150092EFFA /* ViewController.m */,
				9ED5BE5B1A69E3FC00616382 /* HWGDefaultPreferences.h */,
				9ED5BE5C1A69E3FC00616382 /* HWGDefaultPreferences.m */,
				9ED835251A560AB40071392E /* HWGTextViewText.h */,
				9ED835261A560AB40071392E /* HWGTextViewText.m */,
				9ECB1F051A50A4350092EFFA /* HiddenWordGame.h */,
				9ECB1F061A50A4350092EFFA /* HiddenWordGame.m */,
				9ED8351F1A54462A0071392E /* HWGWordAndRangeStorage.h */,
				9ED835201A54462A0071392E /* HWGWordAndRangeStorage.m */,
				9ED835221A544D1B0071392E /* HWGWordAndRangeStorageToHighlight.h */,
				9ED835231A544D1B0071392E /* HWGWordAndRangeStorageToHighlight.m */,
				9ED835161A5438800071392E /* HWGWordHighlighter.h */,
				9ED835171A5438800071392E /* HWGWordHighlighter.m */,
				9ED835101A5436420071392E /* HWGCommonWordFilter.h */,
				9ED835111A5436420071392E /* HWGCommonWordFilter.m */,
				9ED835131A5437C70071392E /* HWGWordSearcher.h */,
				9ED835141A5437C70071392E /* HWGWordSearcher.m */,
				9ED8350D1A5434320071392E /* HWGInvalidCharacterRemover.h */,
				9ED8350E1A5434320071392E /* HWGInvalidCharacterRemover.m */,
				9ECB1EE91A504C150092EFFA /* Main.storyboard */,
				9ECD77DE1A6216430008F3EB /* HWGWordToIgnoreTableViewCell.h */,
				9ECD77DF1A6216430008F3EB /* HWGWordToIgnoreTableViewCell.m */,
				9ECD77E11A62165A0008F3EB /* HWGCharacterToTrimTableViewCell.h */,
				9ECD77E21A62165A0008F3EB /* HWGCharacterToTrimTableViewCell.m */,
				9EC89E391A530C17001E1B34 /* HWGOptionsViewController.h */,
				9EC89E3A1A530C17001E1B34 /* HWGOptionsViewController.m */,
				9ECF50351A5E1090002D2304 /* HWGOptionsColorToStore.h */,
				9ECF50361A5E1090002D2304 /* HWGOptionsColorToStore.m */,
				9ECF502F1A5B88A6002D2304 /* HWGOptionsCharactersToTrim.h */,
				9ECF50301A5B88A6002D2304 /* HWGOptionsCharactersToTrim.m */,
				9ECF50311A5B88A6002D2304 /* HWGOptionsWordsToIgnore.h */,
				9ECF50321A5B88A6002D2304 /* HWGOptionsWordsToIgnore.m */,
				9ECB1EEC1A504C150092EFFA /* Images.xcassets */,
				9ECB1EEE1A504C150092EFFA /* LaunchScreen.xib */,
				9ECB1EDF1A504C150092EFFA /* Supporting Files */,
			);
			path = StudyAid;
			sourceTree = "<group>";
		};
		9ECB1EDF1A504C150092EFFA /* Supporting Files */ = {
			isa = PBXGroup;
			children = (
				9ECB1EE01A504C150092EFFA /* Info.plist */,
				9ECB1EE11A504C150092EFFA /* main.m */,
			);
			name = "Supporting Files";
			sourceTree = "<group>";
		};
		9ECB1EF81A504C150092EFFA /* StudyAidTests */ = {
			isa = PBXGroup;
			children = (
				9ECB1EFB1A504C150092EFFA /* StudyAidTests.m */,
				9ECB1EF91A504C150092EFFA /* Supporting Files */,
			);
			path = StudyAidTests;
			sourceTree = "<group>";
		};
		9ECB1EF91A504C150092EFFA /* Supporting Files */ = {
			isa = PBXGroup;
			children = (
				9ECB1EFA1A504C150092EFFA /* Info.plist */,
			);
			name = "Supporting Files";
			sourceTree = "<group>";
		};
/* End PBXGroup section */

/* Begin PBXNativeTarget section */
		9ECB1EDB1A504C150092EFFA /* StudyAid */ = {
			isa = PBXNativeTarget;
			buildConfigurationList = 9ECB1EFF1A504C150092EFFA /* Build configuration list for PBXNativeTarget "StudyAid" */;
			buildPhases = (
				9ECB1ED81A504C150092EFFA /* Sources */,
				9ECB1ED91A504C150092EFFA /* Frameworks */,
				9ECB1EDA1A504C150092EFFA /* Resources */,
			);
			buildRules = (
			);
			dependencies = (
			);
			name = StudyAid;
			productName = StudyAid;
			productReference = 9ECB1EDC1A504C150092EFFA /* StudyAid.app */;
			productType = "com.apple.product-type.application";
		};
		9ECB1EF41A504C150092EFFA /* StudyAidTests */ = {
			isa = PBXNativeTarget;
			buildConfigurationList = 9ECB1F021A504C150092EFFA /* Build configuration list for PBXNativeTarget "StudyAidTests" */;
			buildPhases = (
				9ECB1EF11A504C150092EFFA /* Sources */,
				9ECB1EF21A504C150092EFFA /* Frameworks */,
				9ECB1EF31A504C150092EFFA /* Resources */,
			);
			buildRules = (
			);
			dependencies = (
				9ECB1EF71A504C150092EFFA /* PBXTargetDependency */,
			);
			name = StudyAidTests;
			productName = StudyAidTests;
			productReference = 9ECB1EF51A504C150092EFFA /* StudyAidTests.xctest */;
			productType = "com.apple.product-type.bundle.unit-test";
		};
/* End PBXNativeTarget section */

/* Begin PBXProject section */
		9ECB1ED41A504C150092EFFA /* Project object */ = {
			isa = PBXProject;
			attributes = {
				LastUpgradeCheck = 0610;
				ORGANIZATIONNAME = "Hi Range";
				TargetAttributes = {
					9ECB1EDB1A504C150092EFFA = {
						CreatedOnToolsVersion = 6.1;
					};
					9ECB1EF41A504C150092EFFA = {
						CreatedOnToolsVersion = 6.1;
						TestTargetID = 9ECB1EDB1A504C150092EFFA;
					};
				};
			};
			buildConfigurationList = 9ECB1ED71A504C150092EFFA /* Build configuration list for PBXProject "StudyAid" */;
			compatibilityVersion = "Xcode 3.2";
			developmentRegion = English;
			hasScannedForEncodings = 0;
			knownRegions = (
				en,
				Base,
			);
			mainGroup = 9ECB1ED31A504C150092EFFA;
			productRefGroup = 9ECB1EDD1A504C150092EFFA /* Products */;
			projectDirPath = "";
			projectRoot = "";
			targets = (
				9ECB1EDB1A504C150092EFFA /* StudyAid */,
				9ECB1EF41A504C150092EFFA /* StudyAidTests */,
			);
		};
/* End PBXProject section */

/* Begin PBXResourcesBuildPhase section */
		9ECB1EDA1A504C150092EFFA /* Resources */ = {
			isa = PBXResourcesBuildPhase;
			buildActionMask = 2147483647;
			files = (
				9ECB1EEB1A504C150092EFFA /* Main.storyboard in Resources */,
				9ECB1EF01A504C150092EFFA /* LaunchScreen.xib in Resources */,
				9ECB1EED1A504C150092EFFA /* Images.xcassets in Resources */,
				9ECD77DB1A61944F0008F3EB /* NotebookLarge.png in Resources */,
			);
			runOnlyForDeploymentPostprocessing = 0;
		};
		9ECB1EF31A504C150092EFFA /* Resources */ = {
			isa = PBXResourcesBuildPhase;
			buildActionMask = 2147483647;
			files = (
			);
			runOnlyForDeploymentPostprocessing = 0;
		};
/* End PBXResourcesBuildPhase section */

/* Begin PBXSourcesBuildPhase section */
		9ECB1ED81A504C150092EFFA /* Sources */ = {
			isa = PBXSourcesBuildPhase;
			buildActionMask = 2147483647;
			files = (
				9ECB1EE81A504C150092EFFA /* ViewController.m in Sources */,
				9EC89E3B1A530C17001E1B34 /* HWGOptionsViewController.m in Sources */,
				9ECB1F071A50A4350092EFFA /* HiddenWordGame.m in Sources */,
				9ED835151A5437C70071392E /* HWGWordSearcher.m in Sources */,
				9ED835121A5436420071392E /* HWGCommonWordFilter.m in Sources */,
				9ECD77E01A6216430008F3EB /* HWGWordToIgnoreTableViewCell.m in Sources */,
				9ED835241A544D1B0071392E /* HWGWordAndRangeStorageToHighlight.m in Sources */,
				9ECF50331A5B88A6002D2304 /* HWGOptionsCharactersToTrim.m in Sources */,
				9ED8350F1A5434320071392E /* HWGInvalidCharacterRemover.m in Sources */,
				9ED835271A560AB40071392E /* HWGTextViewText.m in Sources */,
				9ED835211A54462A0071392E /* HWGWordAndRangeStorage.m in Sources */,
				9ECF50371A5E1090002D2304 /* HWGOptionsColorToStore.m in Sources */,
				9ED835181A5438800071392E /* HWGWordHighlighter.m in Sources */,
				9ED5BE5D1A69E3FC00616382 /* HWGDefaultPreferences.m in Sources */,
				9ECB1EE51A504C150092EFFA /* AppDelegate.m in Sources */,
				9ECF50341A5B88A6002D2304 /* HWGOptionsWordsToIgnore.m in Sources */,
				9ECB1EE21A504C150092EFFA /* main.m in Sources */,
				9ECD77E31A62165A0008F3EB /* HWGCharacterToTrimTableViewCell.m in Sources */,
			);
			runOnlyForDeploymentPostprocessing = 0;
		};
		9ECB1EF11A504C150092EFFA /* Sources */ = {
			isa = PBXSourcesBuildPhase;
			buildActionMask = 2147483647;
			files = (
				9ECB1EFC1A504C150092EFFA /* StudyAidTests.m in Sources */,
			);
			runOnlyForDeploymentPostprocessing = 0;
		};
/* End PBXSourcesBuildPhase section */

/* Begin PBXTargetDependency section */
		9ECB1EF71A504C150092EFFA /* PBXTargetDependency */ = {
			isa = PBXTargetDependency;
			target = 9ECB1EDB1A504C150092EFFA /* StudyAid */;
			targetProxy = 9ECB1EF61A504C150092EFFA /* PBXContainerItemProxy */;
		};
/* End PBXTargetDependency section */

/* Begin PBXVariantGroup section */
		9ECB1EE91A504C150092EFFA /* Main.storyboard */ = {
			isa = PBXVariantGroup;
			children = (
				9ECB1EEA1A504C150092EFFA /* Base */,
			);
			name = Main.storyboard;
			sourceTree = "<group>";
		};
		9ECB1EEE1A504C150092EFFA /* LaunchScreen.xib */ = {
			isa = PBXVariantGroup;
			children = (
				9ECB1EEF1A504C150092EFFA /* Base */,
			);
			name = LaunchScreen.xib;
			sourceTree = "<group>";
		};
/* End PBXVariantGroup section */

/* Begin XCBuildConfiguration section */
		9ECB1EFD1A504C150092EFFA /* Debug */ = {
			isa = XCBuildConfiguration;
			buildSettings = {
				ALWAYS_SEARCH_USER_PATHS = NO;
				CLANG_CXX_LANGUAGE_STANDARD = "gnu++0x";
				CLANG_CXX_LIBRARY = "libc++";
				CLANG_ENABLE_MODULES = YES;
				CLANG_ENABLE_OBJC_ARC = YES;
				CLANG_WARN_BOOL_CONVERSION = YES;
				CLANG_WARN_CONSTANT_CONVERSION = YES;
				CLANG_WARN_DIRECT_OBJC_ISA_USAGE = YES_ERROR;
				CLANG_WARN_EMPTY_BODY = YES;
				CLANG_WARN_ENUM_CONVERSION = YES;
				CLANG_WARN_INT_CONVERSION = YES;
				CLANG_WARN_OBJC_ROOT_CLASS = YES_ERROR;
				CLANG_WARN_UNREACHABLE_CODE = YES;
				CLANG_WARN__DUPLICATE_METHOD_MATCH = YES;
				"CODE_SIGN_IDENTITY[sdk=iphoneos*]" = "iPhone Developer";
				COPY_PHASE_STRIP = NO;
				ENABLE_STRICT_OBJC_MSGSEND = YES;
				GCC_C_LANGUAGE_STANDARD = gnu99;
				GCC_DYNAMIC_NO_PIC = NO;
				GCC_OPTIMIZATION_LEVEL = 0;
				GCC_PREPROCESSOR_DEFINITIONS = (
					"DEBUG=1",
					"$(inherited)",
				);
				GCC_SYMBOLS_PRIVATE_EXTERN = NO;
				GCC_WARN_64_TO_32_BIT_CONVERSION = YES;
				GCC_WARN_ABOUT_RETURN_TYPE = YES_ERROR;
				GCC_WARN_UNDECLARED_SELECTOR = YES;
				GCC_WARN_UNINITIALIZED_AUTOS = YES_AGGRESSIVE;
				GCC_WARN_UNUSED_FUNCTION = YES;
				GCC_WARN_UNUSED_VARIABLE = YES;
				IPHONEOS_DEPLOYMENT_TARGET = 8.1;
				MTL_ENABLE_DEBUG_INFO = YES;
				ONLY_ACTIVE_ARCH = YES;
				SDKROOT = iphoneos;
				TARGETED_DEVICE_FAMILY = "1,2";
			};
			name = Debug;
		};
		9ECB1EFE1A504C150092EFFA /* Release */ = {
			isa = XCBuildConfiguration;
			buildSettings = {
				ALWAYS_SEARCH_USER_PATHS = NO;
				CLANG_CXX_LANGUAGE_STANDARD = "gnu++0x";
				CLANG_CXX_LIBRARY = "libc++";
				CLANG_ENABLE_MODULES = YES;
				CLANG_ENABLE_OBJC_ARC = YES;
				CLANG_WARN_BOOL_CONVERSION = YES;
				CLANG_WARN_CONSTANT_CONVERSION = YES;
				CLANG_WARN_DIRECT_OBJC_ISA_USAGE = YES_ERROR;
				CLANG_WARN_EMPTY_BODY = YES;
				CLANG_WARN_ENUM_CONVERSION = YES;
				CLANG_WARN_INT_CONVERSION = YES;
				CLANG_WARN_OBJC_ROOT_CLASS = YES_ERROR;
				CLANG_WARN_UNREACHABLE_CODE = YES;
				CLANG_WARN__DUPLICATE_METHOD_MATCH = YES;
				"CODE_SIGN_IDENTITY[sdk=iphoneos*]" = "iPhone Developer";
				COPY_PHASE_STRIP = YES;
				ENABLE_NS_ASSERTIONS = NO;
				ENABLE_STRICT_OBJC_MSGSEND = YES;
				GCC_C_LANGUAGE_STANDARD = gnu99;
				GCC_WARN_64_TO_32_BIT_CONVERSION = YES;
				GCC_WARN_ABOUT_RETURN_TYPE = YES_ERROR;
				GCC_WARN_UNDECLARED_SELECTOR = YES;
				GCC_WARN_UNINITIALIZED_AUTOS = YES_AGGRESSIVE;
				GCC_WARN_UNUSED_FUNCTION = YES;
				GCC_WARN_UNUSED_VARIABLE = YES;
				IPHONEOS_DEPLOYMENT_TARGET = 8.1;
				MTL_ENABLE_DEBUG_INFO = NO;
				SDKROOT = iphoneos;
				TARGETED_DEVICE_FAMILY = "1,2";
				VALIDATE_PRODUCT = YES;
			};
			name = Release;
		};
		9ECB1F001A504C150092EFFA /* Debug */ = {
			isa = XCBuildConfiguration;
			buildSettings = {
				ASSETCATALOG_COMPILER_APPICON_NAME = AppIcon;
				INFOPLIST_FILE = StudyAid/Info.plist;
				LD_RUNPATH_SEARCH_PATHS = "$(inherited) @executable_path/Frameworks";
				PRODUCT_NAME = "$(TARGET_NAME)";
			};
			name = Debug;
		};
		9ECB1F011A504C150092EFFA /* Release */ = {
			isa = XCBuildConfiguration;
			buildSettings = {
				ASSETCATALOG_COMPILER_APPICON_NAME = AppIcon;
				INFOPLIST_FILE = StudyAid/Info.plist;
				LD_RUNPATH_SEARCH_PATHS = "$(inherited) @executable_path/Frameworks";
				PRODUCT_NAME = "$(TARGET_NAME)";
			};
			name = Release;
		};
		9ECB1F031A504C150092EFFA /* Debug */ = {
			isa = XCBuildConfiguration;
			buildSettings = {
				BUNDLE_LOADER = "$(TEST_HOST)";
				FRAMEWORK_SEARCH_PATHS = (
					"$(SDKROOT)/Developer/Library/Frameworks",
					"$(inherited)",
				);
				GCC_PREPROCESSOR_DEFINITIONS = (
					"DEBUG=1",
					"$(inherited)",
				);
				INFOPLIST_FILE = StudyAidTests/Info.plist;
				LD_RUNPATH_SEARCH_PATHS = "$(inherited) @executable_path/Frameworks @loader_path/Frameworks";
				PRODUCT_NAME = "$(TARGET_NAME)";
				TEST_HOST = "$(BUILT_PRODUCTS_DIR)/StudyAid.app/StudyAid";
			};
			name = Debug;
		};
		9ECB1F041A504C150092EFFA /* Release */ = {
			isa = XCBuildConfiguration;
			buildSettings = {
				BUNDLE_LOADER = "$(TEST_HOST)";
				FRAMEWORK_SEARCH_PATHS = (
					"$(SDKROOT)/Developer/Library/Frameworks",
					"$(inherited)",
				);
				INFOPLIST_FILE = StudyAidTests/Info.plist;
				LD_RUNPATH_SEARCH_PATHS = "$(inherited) @executable_path/Frameworks @loader_path/Frameworks";
				PRODUCT_NAME = "$(TARGET_NAME)";
				TEST_HOST = "$(BUILT_PRODUCTS_DIR)/StudyAid.app/StudyAid";
			};
			name = Release;
		};
/* End XCBuildConfiguration section */

/* Begin XCConfigurationList section */
		9ECB1ED71A504C150092EFFA /* Build configuration list for PBXProject "StudyAid" */ = {
			isa = XCConfigurationList;
			buildConfigurations = (
				9ECB1EFD1A504C150092EFFA /* Debug */,
				9ECB1EFE1A504C150092EFFA /* Release */,
			);
			defaultConfigurationIsVisible = 0;
			defaultConfigurationName = Release;
		};
		9ECB1EFF1A504C150092EFFA /* Build configuration list for PBXNativeTarget "StudyAid" */ = {
			isa = XCConfigurationList;
			buildConfigurations = (
				9ECB1F001A504C150092EFFA /* Debug */,
				9ECB1F011A504C150092EFFA /* Release */,
			);
			defaultConfigurationIsVisible = 0;
			defaultConfigurationName = Release;
		};
		9ECB1F021A504C150092EFFA /* Build configuration list for PBXNativeTarget "StudyAidTests" */ = {
			isa = XCConfigurationList;
			buildConfigurations = (
				9ECB1F031A504C150092EFFA /* Debug */,
				9ECB1F041A504C150092EFFA /* Release */,
			);
			defaultConfigurationIsVisible = 0;
			defaultConfigurationName = Release;
		};
/* End XCConfigurationList section */
	};
	rootObject = 9ECB1ED41A504C150092EFFA /* Project object */;
}
