<?xml version="1.0" encoding="UTF-8"?>
<!DOCTYPE plist PUBLIC "-//Apple//DTD PLIST 1.0//EN" "http://www.apple.com/DTDs/PropertyList-1.0.dtd">
<plist version="1.0">
<dict>
	<key>archiveVersion</key>
	<string>1</string>
	<key>classes</key>
	<dict/>
	<key>objectVersion</key>
	<string>46</string>
	<key>objects</key>
	<dict>
		<key>08AFA3919DA56BEB5F6C6354</key>
		<dict>
			<key>includeInIndex</key>
			<string>1</string>
			<key>isa</key>
			<string>PBXFileReference</string>
			<key>lastKnownFileType</key>
			<string>text.xcconfig</string>
			<key>name</key>
			<string>Pods.debug.xcconfig</string>
			<key>path</key>
			<string>Pods/Target Support Files/Pods/Pods.debug.xcconfig</string>
			<key>sourceTree</key>
			<string>&lt;group&gt;</string>
		</dict>
		<key>1493A4FE0C837E53ACB3079D</key>
		<dict>
			<key>fileRef</key>
			<string>F211D4F1725D3BFE956735DD</string>
			<key>isa</key>
			<string>PBXBuildFile</string>
		</dict>
		<key>705E231FB9D32381066424F9</key>
		<dict>
			<key>children</key>
			<array>
				<string>F211D4F1725D3BFE956735DD</string>
			</array>
			<key>isa</key>
			<string>PBXGroup</string>
			<key>name</key>
			<string>Frameworks</string>
			<key>sourceTree</key>
			<string>&lt;group&gt;</string>
		</dict>
		<key>9EC89E391A530C17001E1B34</key>
		<dict>
			<key>fileEncoding</key>
			<string>4</string>
			<key>isa</key>
			<string>PBXFileReference</string>
			<key>lastKnownFileType</key>
			<string>sourcecode.c.h</string>
			<key>path</key>
			<string>HWGOptionsViewController.h</string>
			<key>sourceTree</key>
			<string>&lt;group&gt;</string>
		</dict>
		<key>9EC89E3A1A530C17001E1B34</key>
		<dict>
			<key>fileEncoding</key>
			<string>4</string>
			<key>isa</key>
			<string>PBXFileReference</string>
			<key>lastKnownFileType</key>
			<string>sourcecode.c.objc</string>
			<key>path</key>
			<string>HWGOptionsViewController.m</string>
			<key>sourceTree</key>
			<string>&lt;group&gt;</string>
		</dict>
		<key>9EC89E3B1A530C17001E1B34</key>
		<dict>
			<key>fileRef</key>
			<string>9EC89E3A1A530C17001E1B34</string>
			<key>isa</key>
			<string>PBXBuildFile</string>
		</dict>
		<key>9ECB1ED31A504C150092EFFA</key>
		<dict>
			<key>children</key>
			<array>
				<string>9ECF202D1AB47EE5009B3C23</string>
				<string>9ECF202E1AB47EE5009B3C23</string>
				<string>9ED5BE5E1A6B597500616382</string>
				<string>9ECB1EDE1A504C150092EFFA</string>
				<string>9ECB1EF81A504C150092EFFA</string>
				<string>9ECB1EDD1A504C150092EFFA</string>
				<string>EA5B6A493D7B38C56E4BB9B9</string>
				<string>705E231FB9D32381066424F9</string>
			</array>
			<key>isa</key>
			<string>PBXGroup</string>
			<key>sourceTree</key>
			<string>&lt;group&gt;</string>
		</dict>
		<key>9ECB1ED41A504C150092EFFA</key>
		<dict>
			<key>attributes</key>
			<dict>
				<key>LastUpgradeCheck</key>
				<string>0610</string>
				<key>ORGANIZATIONNAME</key>
				<string>Hi Range</string>
				<key>TargetAttributes</key>
				<dict>
					<key>9ECB1EDB1A504C150092EFFA</key>
					<dict>
						<key>CreatedOnToolsVersion</key>
						<string>6.1</string>
					</dict>
					<key>9ECB1EF41A504C150092EFFA</key>
					<dict>
						<key>CreatedOnToolsVersion</key>
						<string>6.1</string>
						<key>TestTargetID</key>
						<string>9ECB1EDB1A504C150092EFFA</string>
					</dict>
				</dict>
			</dict>
			<key>buildConfigurationList</key>
			<string>9ECB1ED71A504C150092EFFA</string>
			<key>compatibilityVersion</key>
			<string>Xcode 3.2</string>
			<key>developmentRegion</key>
			<string>English</string>
			<key>hasScannedForEncodings</key>
			<string>0</string>
			<key>isa</key>
			<string>PBXProject</string>
			<key>knownRegions</key>
			<array>
				<string>en</string>
				<string>Base</string>
			</array>
			<key>mainGroup</key>
			<string>9ECB1ED31A504C150092EFFA</string>
			<key>productRefGroup</key>
			<string>9ECB1EDD1A504C150092EFFA</string>
			<key>projectDirPath</key>
			<string></string>
			<key>projectReferences</key>
			<array/>
			<key>projectRoot</key>
			<string></string>
			<key>targets</key>
			<array>
				<string>9ECB1EDB1A504C150092EFFA</string>
				<string>9ECB1EF41A504C150092EFFA</string>
			</array>
		</dict>
		<key>9ECB1ED71A504C150092EFFA</key>
		<dict>
			<key>buildConfigurations</key>
			<array>
				<string>9ECB1EFD1A504C150092EFFA</string>
				<string>9ECB1EFE1A504C150092EFFA</string>
			</array>
			<key>defaultConfigurationIsVisible</key>
			<string>0</string>
			<key>defaultConfigurationName</key>
			<string>Release</string>
			<key>isa</key>
			<string>XCConfigurationList</string>
		</dict>
		<key>9ECB1ED81A504C150092EFFA</key>
		<dict>
			<key>buildActionMask</key>
			<string>2147483647</string>
			<key>files</key>
			<array>
				<string>9ECB1EE81A504C150092EFFA</string>
				<string>9EC89E3B1A530C17001E1B34</string>
				<string>9ECB1F071A50A4350092EFFA</string>
				<string>9ED835151A5437C70071392E</string>
				<string>9ED835121A5436420071392E</string>
				<string>9ECD77E01A6216430008F3EB</string>
				<string>9ED835241A544D1B0071392E</string>
				<string>9ECF20331AB482C2009B3C23</string>
				<string>9ECF50331A5B88A6002D2304</string>
				<string>9ED8350F1A5434320071392E</string>
				<string>9ED835271A560AB40071392E</string>
				<string>9ED835211A54462A0071392E</string>
				<string>9ECF50371A5E1090002D2304</string>
				<string>9ED835181A5438800071392E</string>
				<string>9ED5BE5D1A69E3FC00616382</string>
				<string>9ECB1EE51A504C150092EFFA</string>
				<string>9ECF50341A5B88A6002D2304</string>
				<string>9ECB1EE21A504C150092EFFA</string>
				<string>9ECD77E31A62165A0008F3EB</string>
			</array>
			<key>isa</key>
			<string>PBXSourcesBuildPhase</string>
			<key>runOnlyForDeploymentPostprocessing</key>
			<string>0</string>
		</dict>
		<key>9ECB1ED91A504C150092EFFA</key>
		<dict>
			<key>buildActionMask</key>
			<string>2147483647</string>
			<key>files</key>
			<array>
				<string>9ECF20301AB47EE5009B3C23</string>
				<string>9ED5BE5F1A6B597500616382</string>
				<string>1493A4FE0C837E53ACB3079D</string>
			</array>
			<key>isa</key>
			<string>PBXFrameworksBuildPhase</string>
			<key>runOnlyForDeploymentPostprocessing</key>
			<string>0</string>
		</dict>
		<key>9ECB1EDA1A504C150092EFFA</key>
		<dict>
			<key>buildActionMask</key>
			<string>2147483647</string>
			<key>files</key>
			<array>
				<string>9ECB1EEB1A504C150092EFFA</string>
				<string>9ECB1EF01A504C150092EFFA</string>
				<string>9ECB1EED1A504C150092EFFA</string>
				<string>9ECD77DB1A61944F0008F3EB</string>
				<string>9ECF202F1AB47EE5009B3C23</string>
			</array>
			<key>isa</key>
			<string>PBXResourcesBuildPhase</string>
			<key>runOnlyForDeploymentPostprocessing</key>
			<string>0</string>
		</dict>
		<key>9ECB1EDB1A504C150092EFFA</key>
		<dict>
			<key>buildConfigurationList</key>
			<string>9ECB1EFF1A504C150092EFFA</string>
			<key>buildPhases</key>
			<array>
				<string>C792B59802AC2AB7B379CFDF</string>
				<string>9ECB1ED81A504C150092EFFA</string>
				<string>9ECB1ED91A504C150092EFFA</string>
				<string>9ECB1EDA1A504C150092EFFA</string>
				<string>EC4874006C85F5F02A748EDD</string>
			</array>
			<key>buildRules</key>
			<array/>
			<key>dependencies</key>
			<array/>
			<key>isa</key>
			<string>PBXNativeTarget</string>
			<key>name</key>
			<string>StudyAid</string>
			<key>productName</key>
			<string>StudyAid</string>
			<key>productReference</key>
			<string>9ECB1EDC1A504C150092EFFA</string>
			<key>productType</key>
			<string>com.apple.product-type.application</string>
		</dict>
		<key>9ECB1EDC1A504C150092EFFA</key>
		<dict>
			<key>explicitFileType</key>
			<string>wrapper.application</string>
			<key>includeInIndex</key>
			<string>0</string>
			<key>isa</key>
			<string>PBXFileReference</string>
			<key>path</key>
			<string>StudyAid.app</string>
			<key>sourceTree</key>
			<string>BUILT_PRODUCTS_DIR</string>
		</dict>
		<key>9ECB1EDD1A504C150092EFFA</key>
		<dict>
			<key>children</key>
			<array>
				<string>9ECB1EDC1A504C150092EFFA</string>
				<string>9ECB1EF51A504C150092EFFA</string>
			</array>
			<key>isa</key>
			<string>PBXGroup</string>
			<key>name</key>
			<string>Products</string>
			<key>sourceTree</key>
			<string>&lt;group&gt;</string>
		</dict>
		<key>9ECB1EDE1A504C150092EFFA</key>
		<dict>
			<key>children</key>
			<array>
				<string>9ECB1EE31A504C150092EFFA</string>
				<string>9ECB1EE41A504C150092EFFA</string>
				<string>9ECD77DA1A61944F0008F3EB</string>
				<string>9ECB1EE61A504C150092EFFA</string>
				<string>9ECB1EE71A504C150092EFFA</string>
				<string>9ED5BE5B1A69E3FC00616382</string>
				<string>9ED5BE5C1A69E3FC00616382</string>
				<string>9ED835251A560AB40071392E</string>
				<string>9ED835261A560AB40071392E</string>
				<string>9ECB1F051A50A4350092EFFA</string>
				<string>9ECB1F061A50A4350092EFFA</string>
				<string>9ED8351F1A54462A0071392E</string>
				<string>9ED835201A54462A0071392E</string>
				<string>9ED835221A544D1B0071392E</string>
				<string>9ED835231A544D1B0071392E</string>
				<string>9ED835161A5438800071392E</string>
				<string>9ED835171A5438800071392E</string>
				<string>9ED835101A5436420071392E</string>
				<string>9ED835111A5436420071392E</string>
				<string>9ED835131A5437C70071392E</string>
				<string>9ED835141A5437C70071392E</string>
				<string>9ED8350D1A5434320071392E</string>
				<string>9ED8350E1A5434320071392E</string>
				<string>9ECB1EE91A504C150092EFFA</string>
				<string>9ECD77DE1A6216430008F3EB</string>
				<string>9ECD77DF1A6216430008F3EB</string>
				<string>9ECD77E11A62165A0008F3EB</string>
				<string>9ECD77E21A62165A0008F3EB</string>
				<string>9EC89E391A530C17001E1B34</string>
				<string>9EC89E3A1A530C17001E1B34</string>
				<string>9ECF20311AB482C2009B3C23</string>
				<string>9ECF20321AB482C2009B3C23</string>
				<string>9ECF50351A5E1090002D2304</string>
				<string>9ECF50361A5E1090002D2304</string>
				<string>9ECF502F1A5B88A6002D2304</string>
				<string>9ECF50301A5B88A6002D2304</string>
				<string>9ECF50311A5B88A6002D2304</string>
				<string>9ECF50321A5B88A6002D2304</string>
				<string>9ECB1EEC1A504C150092EFFA</string>
				<string>9ECB1EEE1A504C150092EFFA</string>
				<string>9ECB1EDF1A504C150092EFFA</string>
			</array>
			<key>isa</key>
			<string>PBXGroup</string>
			<key>path</key>
			<string>StudyAid</string>
			<key>sourceTree</key>
			<string>&lt;group&gt;</string>
		</dict>
		<key>9ECB1EDF1A504C150092EFFA</key>
		<dict>
			<key>children</key>
			<array>
				<string>9ECB1EE01A504C150092EFFA</string>
				<string>9ECB1EE11A504C150092EFFA</string>
			</array>
			<key>isa</key>
			<string>PBXGroup</string>
			<key>name</key>
			<string>Supporting Files</string>
			<key>sourceTree</key>
			<string>&lt;group&gt;</string>
		</dict>
		<key>9ECB1EE01A504C150092EFFA</key>
		<dict>
			<key>isa</key>
			<string>PBXFileReference</string>
			<key>lastKnownFileType</key>
			<string>text.plist.xml</string>
			<key>path</key>
			<string>Info.plist</string>
			<key>sourceTree</key>
			<string>&lt;group&gt;</string>
		</dict>
		<key>9ECB1EE11A504C150092EFFA</key>
		<dict>
			<key>isa</key>
			<string>PBXFileReference</string>
			<key>lastKnownFileType</key>
			<string>sourcecode.c.objc</string>
			<key>path</key>
			<string>main.m</string>
			<key>sourceTree</key>
			<string>&lt;group&gt;</string>
		</dict>
		<key>9ECB1EE21A504C150092EFFA</key>
		<dict>
			<key>fileRef</key>
			<string>9ECB1EE11A504C150092EFFA</string>
			<key>isa</key>
			<string>PBXBuildFile</string>
		</dict>
		<key>9ECB1EE31A504C150092EFFA</key>
		<dict>
			<key>isa</key>
			<string>PBXFileReference</string>
			<key>lastKnownFileType</key>
			<string>sourcecode.c.h</string>
			<key>path</key>
			<string>AppDelegate.h</string>
			<key>sourceTree</key>
			<string>&lt;group&gt;</string>
		</dict>
		<key>9ECB1EE41A504C150092EFFA</key>
		<dict>
			<key>isa</key>
			<string>PBXFileReference</string>
			<key>lastKnownFileType</key>
			<string>sourcecode.c.objc</string>
			<key>path</key>
			<string>AppDelegate.m</string>
			<key>sourceTree</key>
			<string>&lt;group&gt;</string>
		</dict>
		<key>9ECB1EE51A504C150092EFFA</key>
		<dict>
			<key>fileRef</key>
			<string>9ECB1EE41A504C150092EFFA</string>
			<key>isa</key>
			<string>PBXBuildFile</string>
		</dict>
		<key>9ECB1EE61A504C150092EFFA</key>
		<dict>
			<key>isa</key>
			<string>PBXFileReference</string>
			<key>lastKnownFileType</key>
			<string>sourcecode.c.h</string>
			<key>path</key>
			<string>HWGTextViewController.h</string>
			<key>sourceTree</key>
			<string>&lt;group&gt;</string>
		</dict>
		<key>9ECB1EE71A504C150092EFFA</key>
		<dict>
			<key>isa</key>
			<string>PBXFileReference</string>
			<key>lastKnownFileType</key>
			<string>sourcecode.c.objc</string>
			<key>path</key>
			<string>HWGTextViewController.m</string>
			<key>sourceTree</key>
			<string>&lt;group&gt;</string>
		</dict>
		<key>9ECB1EE81A504C150092EFFA</key>
		<dict>
			<key>fileRef</key>
			<string>9ECB1EE71A504C150092EFFA</string>
			<key>isa</key>
			<string>PBXBuildFile</string>
		</dict>
		<key>9ECB1EE91A504C150092EFFA</key>
		<dict>
			<key>children</key>
			<array>
				<string>9ECB1EEA1A504C150092EFFA</string>
			</array>
			<key>isa</key>
			<string>PBXVariantGroup</string>
			<key>name</key>
			<string>Main.storyboard</string>
			<key>sourceTree</key>
			<string>&lt;group&gt;</string>
		</dict>
		<key>9ECB1EEA1A504C150092EFFA</key>
		<dict>
			<key>isa</key>
			<string>PBXFileReference</string>
			<key>lastKnownFileType</key>
			<string>file.storyboard</string>
			<key>name</key>
			<string>Base</string>
			<key>path</key>
			<string>Base.lproj/Main.storyboard</string>
			<key>sourceTree</key>
			<string>&lt;group&gt;</string>
		</dict>
		<key>9ECB1EEB1A504C150092EFFA</key>
		<dict>
			<key>fileRef</key>
			<string>9ECB1EE91A504C150092EFFA</string>
			<key>isa</key>
			<string>PBXBuildFile</string>
		</dict>
		<key>9ECB1EEC1A504C150092EFFA</key>
		<dict>
			<key>isa</key>
			<string>PBXFileReference</string>
			<key>lastKnownFileType</key>
			<string>folder.assetcatalog</string>
			<key>path</key>
			<string>Images.xcassets</string>
			<key>sourceTree</key>
			<string>&lt;group&gt;</string>
		</dict>
		<key>9ECB1EED1A504C150092EFFA</key>
		<dict>
			<key>fileRef</key>
			<string>9ECB1EEC1A504C150092EFFA</string>
			<key>isa</key>
			<string>PBXBuildFile</string>
		</dict>
		<key>9ECB1EEE1A504C150092EFFA</key>
		<dict>
			<key>children</key>
			<array>
				<string>9ECB1EEF1A504C150092EFFA</string>
			</array>
			<key>isa</key>
			<string>PBXVariantGroup</string>
			<key>name</key>
			<string>LaunchScreen.xib</string>
			<key>sourceTree</key>
			<string>&lt;group&gt;</string>
		</dict>
		<key>9ECB1EEF1A504C150092EFFA</key>
		<dict>
			<key>isa</key>
			<string>PBXFileReference</string>
			<key>lastKnownFileType</key>
			<string>file.xib</string>
			<key>name</key>
			<string>Base</string>
			<key>path</key>
			<string>Base.lproj/LaunchScreen.xib</string>
			<key>sourceTree</key>
			<string>&lt;group&gt;</string>
		</dict>
		<key>9ECB1EF01A504C150092EFFA</key>
		<dict>
			<key>fileRef</key>
			<string>9ECB1EEE1A504C150092EFFA</string>
			<key>isa</key>
			<string>PBXBuildFile</string>
		</dict>
		<key>9ECB1EF11A504C150092EFFA</key>
		<dict>
			<key>buildActionMask</key>
			<string>2147483647</string>
			<key>files</key>
			<array>
				<string>9ECB1EFC1A504C150092EFFA</string>
			</array>
			<key>isa</key>
			<string>PBXSourcesBuildPhase</string>
			<key>runOnlyForDeploymentPostprocessing</key>
			<string>0</string>
		</dict>
		<key>9ECB1EF21A504C150092EFFA</key>
		<dict>
			<key>buildActionMask</key>
			<string>2147483647</string>
			<key>files</key>
			<array/>
			<key>isa</key>
			<string>PBXFrameworksBuildPhase</string>
			<key>runOnlyForDeploymentPostprocessing</key>
			<string>0</string>
		</dict>
		<key>9ECB1EF31A504C150092EFFA</key>
		<dict>
			<key>buildActionMask</key>
			<string>2147483647</string>
			<key>files</key>
			<array/>
			<key>isa</key>
			<string>PBXResourcesBuildPhase</string>
			<key>runOnlyForDeploymentPostprocessing</key>
			<string>0</string>
		</dict>
		<key>9ECB1EF41A504C150092EFFA</key>
		<dict>
			<key>buildConfigurationList</key>
			<string>9ECB1F021A504C150092EFFA</string>
			<key>buildPhases</key>
			<array>
				<string>9ECB1EF11A504C150092EFFA</string>
				<string>9ECB1EF21A504C150092EFFA</string>
				<string>9ECB1EF31A504C150092EFFA</string>
			</array>
			<key>buildRules</key>
			<array/>
			<key>dependencies</key>
			<array>
				<string>9ECB1EF71A504C150092EFFA</string>
			</array>
			<key>isa</key>
			<string>PBXNativeTarget</string>
			<key>name</key>
			<string>StudyAidTests</string>
			<key>productName</key>
			<string>StudyAidTests</string>
			<key>productReference</key>
			<string>9ECB1EF51A504C150092EFFA</string>
			<key>productType</key>
			<string>com.apple.product-type.bundle.unit-test</string>
		</dict>
		<key>9ECB1EF51A504C150092EFFA</key>
		<dict>
			<key>explicitFileType</key>
			<string>wrapper.cfbundle</string>
			<key>includeInIndex</key>
			<string>0</string>
			<key>isa</key>
			<string>PBXFileReference</string>
			<key>path</key>
			<string>StudyAidTests.xctest</string>
			<key>sourceTree</key>
			<string>BUILT_PRODUCTS_DIR</string>
		</dict>
		<key>9ECB1EF61A504C150092EFFA</key>
		<dict>
			<key>containerPortal</key>
			<string>9ECB1ED41A504C150092EFFA</string>
			<key>isa</key>
			<string>PBXContainerItemProxy</string>
			<key>proxyType</key>
			<string>1</string>
			<key>remoteGlobalIDString</key>
			<string>9ECB1EDB1A504C150092EFFA</string>
			<key>remoteInfo</key>
			<string>StudyAid</string>
		</dict>
		<key>9ECB1EF71A504C150092EFFA</key>
		<dict>
			<key>isa</key>
			<string>PBXTargetDependency</string>
			<key>target</key>
			<string>9ECB1EDB1A504C150092EFFA</string>
			<key>targetProxy</key>
			<string>9ECB1EF61A504C150092EFFA</string>
		</dict>
		<key>9ECB1EF81A504C150092EFFA</key>
		<dict>
			<key>children</key>
			<array>
				<string>9ECB1EFB1A504C150092EFFA</string>
				<string>9ECB1EF91A504C150092EFFA</string>
			</array>
			<key>isa</key>
			<string>PBXGroup</string>
			<key>path</key>
			<string>StudyAidTests</string>
			<key>sourceTree</key>
			<string>&lt;group&gt;</string>
		</dict>
		<key>9ECB1EF91A504C150092EFFA</key>
		<dict>
			<key>children</key>
			<array>
				<string>9ECB1EFA1A504C150092EFFA</string>
			</array>
			<key>isa</key>
			<string>PBXGroup</string>
			<key>name</key>
			<string>Supporting Files</string>
			<key>sourceTree</key>
			<string>&lt;group&gt;</string>
		</dict>
		<key>9ECB1EFA1A504C150092EFFA</key>
		<dict>
			<key>isa</key>
			<string>PBXFileReference</string>
			<key>lastKnownFileType</key>
			<string>text.plist.xml</string>
			<key>path</key>
			<string>Info.plist</string>
			<key>sourceTree</key>
			<string>&lt;group&gt;</string>
		</dict>
		<key>9ECB1EFB1A504C150092EFFA</key>
		<dict>
			<key>isa</key>
			<string>PBXFileReference</string>
			<key>lastKnownFileType</key>
			<string>sourcecode.c.objc</string>
			<key>path</key>
			<string>StudyAidTests.m</string>
			<key>sourceTree</key>
			<string>&lt;group&gt;</string>
		</dict>
		<key>9ECB1EFC1A504C150092EFFA</key>
		<dict>
			<key>fileRef</key>
			<string>9ECB1EFB1A504C150092EFFA</string>
			<key>isa</key>
			<string>PBXBuildFile</string>
		</dict>
		<key>9ECB1EFD1A504C150092EFFA</key>
		<dict>
			<key>buildSettings</key>
			<dict>
				<key>ALWAYS_SEARCH_USER_PATHS</key>
				<string>NO</string>
				<key>CLANG_CXX_LANGUAGE_STANDARD</key>
				<string>gnu++0x</string>
				<key>CLANG_CXX_LIBRARY</key>
				<string>libc++</string>
				<key>CLANG_ENABLE_MODULES</key>
				<string>YES</string>
				<key>CLANG_ENABLE_OBJC_ARC</key>
				<string>YES</string>
				<key>CLANG_WARN_BOOL_CONVERSION</key>
				<string>YES</string>
				<key>CLANG_WARN_CONSTANT_CONVERSION</key>
				<string>YES</string>
				<key>CLANG_WARN_DIRECT_OBJC_ISA_USAGE</key>
				<string>YES_ERROR</string>
				<key>CLANG_WARN_EMPTY_BODY</key>
				<string>YES</string>
				<key>CLANG_WARN_ENUM_CONVERSION</key>
				<string>YES</string>
				<key>CLANG_WARN_INT_CONVERSION</key>
				<string>YES</string>
				<key>CLANG_WARN_OBJC_ROOT_CLASS</key>
				<string>YES_ERROR</string>
				<key>CLANG_WARN_UNREACHABLE_CODE</key>
				<string>YES</string>
				<key>CLANG_WARN__DUPLICATE_METHOD_MATCH</key>
				<string>YES</string>
				<key>CODE_SIGN_IDENTITY[sdk=iphoneos*]</key>
				<string>iPhone Developer</string>
				<key>COPY_PHASE_STRIP</key>
				<string>NO</string>
				<key>ENABLE_STRICT_OBJC_MSGSEND</key>
				<string>YES</string>
				<key>GCC_C_LANGUAGE_STANDARD</key>
				<string>gnu99</string>
				<key>GCC_DYNAMIC_NO_PIC</key>
				<string>NO</string>
				<key>GCC_OPTIMIZATION_LEVEL</key>
				<string>0</string>
				<key>GCC_PREPROCESSOR_DEFINITIONS</key>
				<array>
					<string>DEBUG=1</string>
					<string>$(inherited)</string>
				</array>
				<key>GCC_SYMBOLS_PRIVATE_EXTERN</key>
				<string>NO</string>
				<key>GCC_WARN_64_TO_32_BIT_CONVERSION</key>
				<string>YES</string>
				<key>GCC_WARN_ABOUT_RETURN_TYPE</key>
				<string>YES_ERROR</string>
				<key>GCC_WARN_UNDECLARED_SELECTOR</key>
				<string>YES</string>
				<key>GCC_WARN_UNINITIALIZED_AUTOS</key>
				<string>YES_AGGRESSIVE</string>
				<key>GCC_WARN_UNUSED_FUNCTION</key>
				<string>YES</string>
				<key>GCC_WARN_UNUSED_VARIABLE</key>
				<string>YES</string>
				<key>IPHONEOS_DEPLOYMENT_TARGET</key>
				<string>8.1</string>
				<key>MTL_ENABLE_DEBUG_INFO</key>
				<string>YES</string>
				<key>ONLY_ACTIVE_ARCH</key>
				<string>YES</string>
				<key>SDKROOT</key>
				<string>iphoneos</string>
				<key>TARGETED_DEVICE_FAMILY</key>
				<string>1,2</string>
			</dict>
			<key>isa</key>
			<string>XCBuildConfiguration</string>
			<key>name</key>
			<string>Debug</string>
		</dict>
		<key>9ECB1EFE1A504C150092EFFA</key>
		<dict>
			<key>buildSettings</key>
			<dict>
				<key>ALWAYS_SEARCH_USER_PATHS</key>
				<string>NO</string>
				<key>CLANG_CXX_LANGUAGE_STANDARD</key>
				<string>gnu++0x</string>
				<key>CLANG_CXX_LIBRARY</key>
				<string>libc++</string>
				<key>CLANG_ENABLE_MODULES</key>
				<string>YES</string>
				<key>CLANG_ENABLE_OBJC_ARC</key>
				<string>YES</string>
				<key>CLANG_WARN_BOOL_CONVERSION</key>
				<string>YES</string>
				<key>CLANG_WARN_CONSTANT_CONVERSION</key>
				<string>YES</string>
				<key>CLANG_WARN_DIRECT_OBJC_ISA_USAGE</key>
				<string>YES_ERROR</string>
				<key>CLANG_WARN_EMPTY_BODY</key>
				<string>YES</string>
				<key>CLANG_WARN_ENUM_CONVERSION</key>
				<string>YES</string>
				<key>CLANG_WARN_INT_CONVERSION</key>
				<string>YES</string>
				<key>CLANG_WARN_OBJC_ROOT_CLASS</key>
				<string>YES_ERROR</string>
				<key>CLANG_WARN_UNREACHABLE_CODE</key>
				<string>YES</string>
				<key>CLANG_WARN__DUPLICATE_METHOD_MATCH</key>
				<string>YES</string>
				<key>CODE_SIGN_IDENTITY[sdk=iphoneos*]</key>
				<string>iPhone Developer</string>
				<key>COPY_PHASE_STRIP</key>
				<string>YES</string>
				<key>ENABLE_NS_ASSERTIONS</key>
				<string>NO</string>
				<key>ENABLE_STRICT_OBJC_MSGSEND</key>
				<string>YES</string>
				<key>GCC_C_LANGUAGE_STANDARD</key>
				<string>gnu99</string>
				<key>GCC_WARN_64_TO_32_BIT_CONVERSION</key>
				<string>YES</string>
				<key>GCC_WARN_ABOUT_RETURN_TYPE</key>
				<string>YES_ERROR</string>
				<key>GCC_WARN_UNDECLARED_SELECTOR</key>
				<string>YES</string>
				<key>GCC_WARN_UNINITIALIZED_AUTOS</key>
				<string>YES_AGGRESSIVE</string>
				<key>GCC_WARN_UNUSED_FUNCTION</key>
				<string>YES</string>
				<key>GCC_WARN_UNUSED_VARIABLE</key>
				<string>YES</string>
				<key>IPHONEOS_DEPLOYMENT_TARGET</key>
				<string>8.1</string>
				<key>MTL_ENABLE_DEBUG_INFO</key>
				<string>NO</string>
				<key>SDKROOT</key>
				<string>iphoneos</string>
				<key>TARGETED_DEVICE_FAMILY</key>
				<string>1,2</string>
				<key>VALIDATE_PRODUCT</key>
				<string>YES</string>
			</dict>
			<key>isa</key>
			<string>XCBuildConfiguration</string>
			<key>name</key>
			<string>Release</string>
		</dict>
		<key>9ECB1EFF1A504C150092EFFA</key>
		<dict>
			<key>buildConfigurations</key>
			<array>
				<string>9ECB1F001A504C150092EFFA</string>
				<string>9ECB1F011A504C150092EFFA</string>
			</array>
			<key>defaultConfigurationIsVisible</key>
			<string>0</string>
			<key>defaultConfigurationName</key>
			<string>Release</string>
			<key>isa</key>
			<string>XCConfigurationList</string>
		</dict>
		<key>9ECB1F001A504C150092EFFA</key>
		<dict>
			<key>baseConfigurationReference</key>
			<string>08AFA3919DA56BEB5F6C6354</string>
			<key>buildSettings</key>
			<dict>
				<key>ASSETCATALOG_COMPILER_APPICON_NAME</key>
				<string>AppIcon</string>
				<key>FRAMEWORK_SEARCH_PATHS</key>
				<array>
					<string>$(inherited)</string>
					<string>$(PROJECT_DIR)</string>
				</array>
				<key>INFOPLIST_FILE</key>
				<string>StudyAid/Info.plist</string>
				<key>LD_RUNPATH_SEARCH_PATHS</key>
				<string>$(inherited) @executable_path/Frameworks</string>
				<key>PRODUCT_NAME</key>
				<string>$(TARGET_NAME)</string>
			</dict>
			<key>isa</key>
			<string>XCBuildConfiguration</string>
			<key>name</key>
			<string>Debug</string>
		</dict>
		<key>9ECB1F011A504C150092EFFA</key>
		<dict>
			<key>baseConfigurationReference</key>
			<string>CA6DB4F4A980E0F08C494354</string>
			<key>buildSettings</key>
			<dict>
				<key>ASSETCATALOG_COMPILER_APPICON_NAME</key>
				<string>AppIcon</string>
				<key>FRAMEWORK_SEARCH_PATHS</key>
				<array>
					<string>$(inherited)</string>
					<string>$(PROJECT_DIR)</string>
				</array>
				<key>INFOPLIST_FILE</key>
				<string>StudyAid/Info.plist</string>
				<key>LD_RUNPATH_SEARCH_PATHS</key>
				<string>$(inherited) @executable_path/Frameworks</string>
				<key>PRODUCT_NAME</key>
				<string>$(TARGET_NAME)</string>
			</dict>
			<key>isa</key>
			<string>XCBuildConfiguration</string>
			<key>name</key>
			<string>Release</string>
		</dict>
		<key>9ECB1F021A504C150092EFFA</key>
		<dict>
			<key>buildConfigurations</key>
			<array>
				<string>9ECB1F031A504C150092EFFA</string>
				<string>9ECB1F041A504C150092EFFA</string>
			</array>
			<key>defaultConfigurationIsVisible</key>
			<string>0</string>
			<key>defaultConfigurationName</key>
			<string>Release</string>
			<key>isa</key>
			<string>XCConfigurationList</string>
		</dict>
		<key>9ECB1F031A504C150092EFFA</key>
		<dict>
			<key>buildSettings</key>
			<dict>
				<key>BUNDLE_LOADER</key>
				<string>$(TEST_HOST)</string>
				<key>FRAMEWORK_SEARCH_PATHS</key>
				<array>
					<string>$(SDKROOT)/Developer/Library/Frameworks</string>
					<string>$(inherited)</string>
				</array>
				<key>GCC_PREPROCESSOR_DEFINITIONS</key>
				<array>
					<string>DEBUG=1</string>
					<string>$(inherited)</string>
				</array>
				<key>INFOPLIST_FILE</key>
				<string>StudyAidTests/Info.plist</string>
				<key>LD_RUNPATH_SEARCH_PATHS</key>
				<string>$(inherited) @executable_path/Frameworks @loader_path/Frameworks</string>
				<key>PRODUCT_NAME</key>
				<string>$(TARGET_NAME)</string>
				<key>TEST_HOST</key>
				<string>$(BUILT_PRODUCTS_DIR)/StudyAid.app/StudyAid</string>
			</dict>
			<key>isa</key>
			<string>XCBuildConfiguration</string>
			<key>name</key>
			<string>Debug</string>
		</dict>
		<key>9ECB1F041A504C150092EFFA</key>
		<dict>
			<key>buildSettings</key>
			<dict>
				<key>BUNDLE_LOADER</key>
				<string>$(TEST_HOST)</string>
				<key>FRAMEWORK_SEARCH_PATHS</key>
				<array>
					<string>$(SDKROOT)/Developer/Library/Frameworks</string>
					<string>$(inherited)</string>
				</array>
				<key>INFOPLIST_FILE</key>
				<string>StudyAidTests/Info.plist</string>
				<key>LD_RUNPATH_SEARCH_PATHS</key>
				<string>$(inherited) @executable_path/Frameworks @loader_path/Frameworks</string>
				<key>PRODUCT_NAME</key>
				<string>$(TARGET_NAME)</string>
				<key>TEST_HOST</key>
				<string>$(BUILT_PRODUCTS_DIR)/StudyAid.app/StudyAid</string>
			</dict>
			<key>isa</key>
			<string>XCBuildConfiguration</string>
			<key>name</key>
			<string>Release</string>
		</dict>
		<key>9ECB1F051A50A4350092EFFA</key>
		<dict>
			<key>fileEncoding</key>
			<string>4</string>
			<key>isa</key>
			<string>PBXFileReference</string>
			<key>lastKnownFileType</key>
			<string>sourcecode.c.h</string>
			<key>path</key>
			<string>HiddenWordGame.h</string>
			<key>sourceTree</key>
			<string>&lt;group&gt;</string>
		</dict>
		<key>9ECB1F061A50A4350092EFFA</key>
		<dict>
			<key>fileEncoding</key>
			<string>4</string>
			<key>isa</key>
			<string>PBXFileReference</string>
			<key>lastKnownFileType</key>
			<string>sourcecode.c.objc</string>
			<key>path</key>
			<string>HiddenWordGame.m</string>
			<key>sourceTree</key>
			<string>&lt;group&gt;</string>
		</dict>
		<key>9ECB1F071A50A4350092EFFA</key>
		<dict>
			<key>fileRef</key>
			<string>9ECB1F061A50A4350092EFFA</string>
			<key>isa</key>
			<string>PBXBuildFile</string>
		</dict>
		<key>9ECD77DA1A61944F0008F3EB</key>
		<dict>
			<key>isa</key>
			<string>PBXFileReference</string>
			<key>lastKnownFileType</key>
			<string>image.png</string>
			<key>path</key>
			<string>NotebookLarge.png</string>
			<key>sourceTree</key>
			<string>&lt;group&gt;</string>
		</dict>
		<key>9ECD77DB1A61944F0008F3EB</key>
		<dict>
			<key>fileRef</key>
			<string>9ECD77DA1A61944F0008F3EB</string>
			<key>isa</key>
			<string>PBXBuildFile</string>
		</dict>
		<key>9ECD77DE1A6216430008F3EB</key>
		<dict>
			<key>fileEncoding</key>
			<string>4</string>
			<key>isa</key>
			<string>PBXFileReference</string>
			<key>lastKnownFileType</key>
			<string>sourcecode.c.h</string>
			<key>path</key>
			<string>HWGWordToIgnoreTableViewCell.h</string>
			<key>sourceTree</key>
			<string>&lt;group&gt;</string>
		</dict>
		<key>9ECD77DF1A6216430008F3EB</key>
		<dict>
			<key>fileEncoding</key>
			<string>4</string>
			<key>isa</key>
			<string>PBXFileReference</string>
			<key>lastKnownFileType</key>
			<string>sourcecode.c.objc</string>
			<key>path</key>
			<string>HWGWordToIgnoreTableViewCell.m</string>
			<key>sourceTree</key>
			<string>&lt;group&gt;</string>
		</dict>
		<key>9ECD77E01A6216430008F3EB</key>
		<dict>
			<key>fileRef</key>
			<string>9ECD77DF1A6216430008F3EB</string>
			<key>isa</key>
			<string>PBXBuildFile</string>
		</dict>
		<key>9ECD77E11A62165A0008F3EB</key>
		<dict>
			<key>fileEncoding</key>
			<string>4</string>
			<key>isa</key>
			<string>PBXFileReference</string>
			<key>lastKnownFileType</key>
			<string>sourcecode.c.h</string>
			<key>path</key>
			<string>HWGCharacterToTrimTableViewCell.h</string>
			<key>sourceTree</key>
			<string>&lt;group&gt;</string>
		</dict>
		<key>9ECD77E21A62165A0008F3EB</key>
		<dict>
			<key>fileEncoding</key>
			<string>4</string>
			<key>isa</key>
			<string>PBXFileReference</string>
			<key>lastKnownFileType</key>
			<string>sourcecode.c.objc</string>
			<key>path</key>
			<string>HWGCharacterToTrimTableViewCell.m</string>
			<key>sourceTree</key>
			<string>&lt;group&gt;</string>
		</dict>
		<key>9ECD77E31A62165A0008F3EB</key>
		<dict>
			<key>fileRef</key>
			<string>9ECD77E21A62165A0008F3EB</string>
			<key>isa</key>
			<string>PBXBuildFile</string>
		</dict>
		<key>9ECF202D1AB47EE5009B3C23</key>
		<dict>
			<key>isa</key>
			<string>PBXFileReference</string>
			<key>lastKnownFileType</key>
			<string>wrapper.plug-in</string>
			<key>path</key>
			<string>DBChooser.bundle</string>
			<key>sourceTree</key>
			<string>&lt;group&gt;</string>
		</dict>
		<key>9ECF202E1AB47EE5009B3C23</key>
		<dict>
			<key>isa</key>
			<string>PBXFileReference</string>
			<key>lastKnownFileType</key>
			<string>wrapper.framework</string>
			<key>path</key>
			<string>DBChooser.framework</string>
			<key>sourceTree</key>
			<string>&lt;group&gt;</string>
		</dict>
		<key>9ECF202F1AB47EE5009B3C23</key>
		<dict>
			<key>fileRef</key>
			<string>9ECF202D1AB47EE5009B3C23</string>
			<key>isa</key>
			<string>PBXBuildFile</string>
		</dict>
		<key>9ECF20301AB47EE5009B3C23</key>
		<dict>
			<key>fileRef</key>
			<string>9ECF202E1AB47EE5009B3C23</string>
			<key>isa</key>
			<string>PBXBuildFile</string>
		</dict>
		<key>9ECF20311AB482C2009B3C23</key>
		<dict>
			<key>fileEncoding</key>
			<string>4</string>
			<key>isa</key>
			<string>PBXFileReference</string>
			<key>lastKnownFileType</key>
			<string>sourcecode.c.h</string>
			<key>path</key>
			<string>HWGOptionsDataSource.h</string>
			<key>sourceTree</key>
			<string>&lt;group&gt;</string>
		</dict>
		<key>9ECF20321AB482C2009B3C23</key>
		<dict>
			<key>fileEncoding</key>
			<string>4</string>
			<key>isa</key>
			<string>PBXFileReference</string>
			<key>lastKnownFileType</key>
			<string>sourcecode.c.objc</string>
			<key>path</key>
			<string>HWGOptionsDataSource.m</string>
			<key>sourceTree</key>
			<string>&lt;group&gt;</string>
		</dict>
		<key>9ECF20331AB482C2009B3C23</key>
		<dict>
			<key>fileRef</key>
			<string>9ECF20321AB482C2009B3C23</string>
			<key>isa</key>
			<string>PBXBuildFile</string>
		</dict>
		<key>9ECF502F1A5B88A6002D2304</key>
		<dict>
			<key>fileEncoding</key>
			<string>4</string>
			<key>isa</key>
			<string>PBXFileReference</string>
			<key>lastKnownFileType</key>
			<string>sourcecode.c.h</string>
			<key>path</key>
			<string>HWGOptionsCharactersToTrim.h</string>
			<key>sourceTree</key>
			<string>&lt;group&gt;</string>
		</dict>
		<key>9ECF50301A5B88A6002D2304</key>
		<dict>
			<key>fileEncoding</key>
			<string>4</string>
			<key>isa</key>
			<string>PBXFileReference</string>
			<key>lastKnownFileType</key>
			<string>sourcecode.c.objc</string>
			<key>path</key>
			<string>HWGOptionsCharactersToTrim.m</string>
			<key>sourceTree</key>
			<string>&lt;group&gt;</string>
		</dict>
		<key>9ECF50311A5B88A6002D2304</key>
		<dict>
			<key>fileEncoding</key>
			<string>4</string>
			<key>isa</key>
			<string>PBXFileReference</string>
			<key>lastKnownFileType</key>
			<string>sourcecode.c.h</string>
			<key>path</key>
			<string>HWGOptionsWordsToIgnore.h</string>
			<key>sourceTree</key>
			<string>&lt;group&gt;</string>
		</dict>
		<key>9ECF50321A5B88A6002D2304</key>
		<dict>
			<key>fileEncoding</key>
			<string>4</string>
			<key>isa</key>
			<string>PBXFileReference</string>
			<key>lastKnownFileType</key>
			<string>sourcecode.c.objc</string>
			<key>path</key>
			<string>HWGOptionsWordsToIgnore.m</string>
			<key>sourceTree</key>
			<string>&lt;group&gt;</string>
		</dict>
		<key>9ECF50331A5B88A6002D2304</key>
		<dict>
			<key>fileRef</key>
			<string>9ECF50301A5B88A6002D2304</string>
			<key>isa</key>
			<string>PBXBuildFile</string>
		</dict>
		<key>9ECF50341A5B88A6002D2304</key>
		<dict>
			<key>fileRef</key>
			<string>9ECF50321A5B88A6002D2304</string>
			<key>isa</key>
			<string>PBXBuildFile</string>
		</dict>
		<key>9ECF50351A5E1090002D2304</key>
		<dict>
			<key>fileEncoding</key>
			<string>4</string>
			<key>isa</key>
			<string>PBXFileReference</string>
			<key>lastKnownFileType</key>
			<string>sourcecode.c.h</string>
			<key>path</key>
			<string>HWGOptionsColorToStore.h</string>
			<key>sourceTree</key>
			<string>&lt;group&gt;</string>
		</dict>
		<key>9ECF50361A5E1090002D2304</key>
		<dict>
			<key>fileEncoding</key>
			<string>4</string>
			<key>isa</key>
			<string>PBXFileReference</string>
			<key>lastKnownFileType</key>
			<string>sourcecode.c.objc</string>
			<key>path</key>
			<string>HWGOptionsColorToStore.m</string>
			<key>sourceTree</key>
			<string>&lt;group&gt;</string>
		</dict>
		<key>9ECF50371A5E1090002D2304</key>
		<dict>
			<key>fileRef</key>
			<string>9ECF50361A5E1090002D2304</string>
			<key>isa</key>
			<string>PBXBuildFile</string>
		</dict>
		<key>9ED5BE5B1A69E3FC00616382</key>
		<dict>
			<key>fileEncoding</key>
			<string>4</string>
			<key>isa</key>
			<string>PBXFileReference</string>
			<key>lastKnownFileType</key>
			<string>sourcecode.c.h</string>
			<key>path</key>
			<string>HWGDefaultPreferences.h</string>
			<key>sourceTree</key>
			<string>&lt;group&gt;</string>
		</dict>
		<key>9ED5BE5C1A69E3FC00616382</key>
		<dict>
			<key>fileEncoding</key>
			<string>4</string>
			<key>isa</key>
			<string>PBXFileReference</string>
			<key>lastKnownFileType</key>
			<string>sourcecode.c.objc</string>
			<key>path</key>
			<string>HWGDefaultPreferences.m</string>
			<key>sourceTree</key>
			<string>&lt;group&gt;</string>
		</dict>
		<key>9ED5BE5D1A69E3FC00616382</key>
		<dict>
			<key>fileRef</key>
			<string>9ED5BE5C1A69E3FC00616382</string>
			<key>isa</key>
			<string>PBXBuildFile</string>
		</dict>
		<key>9ED5BE5E1A6B597500616382</key>
		<dict>
			<key>isa</key>
			<string>PBXFileReference</string>
			<key>lastKnownFileType</key>
			<string>wrapper.framework</string>
			<key>name</key>
			<string>StoreKit.framework</string>
			<key>path</key>
			<string>System/Library/Frameworks/StoreKit.framework</string>
			<key>sourceTree</key>
			<string>SDKROOT</string>
		</dict>
		<key>9ED5BE5F1A6B597500616382</key>
		<dict>
			<key>fileRef</key>
			<string>9ED5BE5E1A6B597500616382</string>
			<key>isa</key>
			<string>PBXBuildFile</string>
		</dict>
		<key>9ED8350D1A5434320071392E</key>
		<dict>
			<key>fileEncoding</key>
			<string>4</string>
			<key>isa</key>
			<string>PBXFileReference</string>
			<key>lastKnownFileType</key>
			<string>sourcecode.c.h</string>
			<key>path</key>
			<string>HWGInvalidCharacterRemover.h</string>
			<key>sourceTree</key>
			<string>&lt;group&gt;</string>
		</dict>
		<key>9ED8350E1A5434320071392E</key>
		<dict>
			<key>fileEncoding</key>
			<string>4</string>
			<key>isa</key>
			<string>PBXFileReference</string>
			<key>lastKnownFileType</key>
			<string>sourcecode.c.objc</string>
			<key>path</key>
			<string>HWGInvalidCharacterRemover.m</string>
			<key>sourceTree</key>
			<string>&lt;group&gt;</string>
		</dict>
		<key>9ED8350F1A5434320071392E</key>
		<dict>
			<key>fileRef</key>
			<string>9ED8350E1A5434320071392E</string>
			<key>isa</key>
			<string>PBXBuildFile</string>
		</dict>
		<key>9ED835101A5436420071392E</key>
		<dict>
			<key>fileEncoding</key>
			<string>4</string>
			<key>isa</key>
			<string>PBXFileReference</string>
			<key>lastKnownFileType</key>
			<string>sourcecode.c.h</string>
			<key>path</key>
			<string>HWGCommonWordFilter.h</string>
			<key>sourceTree</key>
			<string>&lt;group&gt;</string>
		</dict>
		<key>9ED835111A5436420071392E</key>
		<dict>
			<key>fileEncoding</key>
			<string>4</string>
			<key>isa</key>
			<string>PBXFileReference</string>
			<key>lastKnownFileType</key>
			<string>sourcecode.c.objc</string>
			<key>path</key>
			<string>HWGCommonWordFilter.m</string>
			<key>sourceTree</key>
			<string>&lt;group&gt;</string>
		</dict>
		<key>9ED835121A5436420071392E</key>
		<dict>
			<key>fileRef</key>
			<string>9ED835111A5436420071392E</string>
			<key>isa</key>
			<string>PBXBuildFile</string>
		</dict>
		<key>9ED835131A5437C70071392E</key>
		<dict>
			<key>fileEncoding</key>
			<string>4</string>
			<key>isa</key>
			<string>PBXFileReference</string>
			<key>lastKnownFileType</key>
			<string>sourcecode.c.h</string>
			<key>path</key>
			<string>HWGWordSearcher.h</string>
			<key>sourceTree</key>
			<string>&lt;group&gt;</string>
		</dict>
		<key>9ED835141A5437C70071392E</key>
		<dict>
			<key>fileEncoding</key>
			<string>4</string>
			<key>isa</key>
			<string>PBXFileReference</string>
			<key>lastKnownFileType</key>
			<string>sourcecode.c.objc</string>
			<key>path</key>
			<string>HWGWordSearcher.m</string>
			<key>sourceTree</key>
			<string>&lt;group&gt;</string>
		</dict>
		<key>9ED835151A5437C70071392E</key>
		<dict>
			<key>fileRef</key>
			<string>9ED835141A5437C70071392E</string>
			<key>isa</key>
			<string>PBXBuildFile</string>
		</dict>
		<key>9ED835161A5438800071392E</key>
		<dict>
			<key>fileEncoding</key>
			<string>4</string>
			<key>isa</key>
			<string>PBXFileReference</string>
			<key>lastKnownFileType</key>
			<string>sourcecode.c.h</string>
			<key>path</key>
			<string>HWGWordHighlighter.h</string>
			<key>sourceTree</key>
			<string>&lt;group&gt;</string>
		</dict>
		<key>9ED835171A5438800071392E</key>
		<dict>
			<key>fileEncoding</key>
			<string>4</string>
			<key>isa</key>
			<string>PBXFileReference</string>
			<key>lastKnownFileType</key>
			<string>sourcecode.c.objc</string>
			<key>path</key>
			<string>HWGWordHighlighter.m</string>
			<key>sourceTree</key>
			<string>&lt;group&gt;</string>
		</dict>
		<key>9ED835181A5438800071392E</key>
		<dict>
			<key>fileRef</key>
			<string>9ED835171A5438800071392E</string>
			<key>isa</key>
			<string>PBXBuildFile</string>
		</dict>
		<key>9ED8351F1A54462A0071392E</key>
		<dict>
			<key>fileEncoding</key>
			<string>4</string>
			<key>isa</key>
			<string>PBXFileReference</string>
			<key>lastKnownFileType</key>
			<string>sourcecode.c.h</string>
			<key>path</key>
			<string>HWGWordAndRangeStorage.h</string>
			<key>sourceTree</key>
			<string>&lt;group&gt;</string>
		</dict>
		<key>9ED835201A54462A0071392E</key>
		<dict>
			<key>fileEncoding</key>
			<string>4</string>
			<key>isa</key>
			<string>PBXFileReference</string>
			<key>lastKnownFileType</key>
			<string>sourcecode.c.objc</string>
			<key>path</key>
			<string>HWGWordAndRangeStorage.m</string>
			<key>sourceTree</key>
			<string>&lt;group&gt;</string>
		</dict>
		<key>9ED835211A54462A0071392E</key>
		<dict>
			<key>fileRef</key>
			<string>9ED835201A54462A0071392E</string>
			<key>isa</key>
			<string>PBXBuildFile</string>
		</dict>
		<key>9ED835221A544D1B0071392E</key>
		<dict>
			<key>fileEncoding</key>
			<string>4</string>
			<key>isa</key>
			<string>PBXFileReference</string>
			<key>lastKnownFileType</key>
			<string>sourcecode.c.h</string>
			<key>path</key>
			<string>HWGWordAndRangeStorageToHighlight.h</string>
			<key>sourceTree</key>
			<string>&lt;group&gt;</string>
		</dict>
		<key>9ED835231A544D1B0071392E</key>
		<dict>
			<key>fileEncoding</key>
			<string>4</string>
			<key>isa</key>
			<string>PBXFileReference</string>
			<key>lastKnownFileType</key>
			<string>sourcecode.c.objc</string>
			<key>path</key>
			<string>HWGWordAndRangeStorageToHighlight.m</string>
			<key>sourceTree</key>
			<string>&lt;group&gt;</string>
		</dict>
		<key>9ED835241A544D1B0071392E</key>
		<dict>
			<key>fileRef</key>
			<string>9ED835231A544D1B0071392E</string>
			<key>isa</key>
			<string>PBXBuildFile</string>
		</dict>
		<key>9ED835251A560AB40071392E</key>
		<dict>
			<key>fileEncoding</key>
			<string>4</string>
			<key>isa</key>
			<string>PBXFileReference</string>
			<key>lastKnownFileType</key>
			<string>sourcecode.c.h</string>
			<key>path</key>
			<string>HWGTextViewText.h</string>
			<key>sourceTree</key>
			<string>&lt;group&gt;</string>
		</dict>
		<key>9ED835261A560AB40071392E</key>
		<dict>
			<key>fileEncoding</key>
			<string>4</string>
			<key>isa</key>
			<string>PBXFileReference</string>
			<key>lastKnownFileType</key>
			<string>sourcecode.c.objc</string>
			<key>path</key>
			<string>HWGTextViewText.m</string>
			<key>sourceTree</key>
			<string>&lt;group&gt;</string>
		</dict>
		<key>9ED835271A560AB40071392E</key>
		<dict>
			<key>fileRef</key>
			<string>9ED835261A560AB40071392E</string>
			<key>isa</key>
			<string>PBXBuildFile</string>
		</dict>
		<key>C792B59802AC2AB7B379CFDF</key>
		<dict>
			<key>buildActionMask</key>
			<string>2147483647</string>
			<key>files</key>
			<array/>
			<key>inputPaths</key>
			<array/>
			<key>isa</key>
			<string>PBXShellScriptBuildPhase</string>
			<key>name</key>
			<string>Check Pods Manifest.lock</string>
			<key>outputPaths</key>
			<array/>
			<key>runOnlyForDeploymentPostprocessing</key>
			<string>0</string>
			<key>shellPath</key>
			<string>/bin/sh</string>
			<key>shellScript</key>
			<string>diff "${PODS_ROOT}/../Podfile.lock" "${PODS_ROOT}/Manifest.lock" &gt; /dev/null
if [[ $? != 0 ]] ; then
    cat &lt;&lt; EOM
error: The sandbox is not in sync with the Podfile.lock. Run 'pod install' or update your CocoaPods installation.
EOM
    exit 1
fi
</string>
			<key>showEnvVarsInLog</key>
			<string>0</string>
		</dict>
		<key>CA6DB4F4A980E0F08C494354</key>
		<dict>
			<key>includeInIndex</key>
			<string>1</string>
			<key>isa</key>
			<string>PBXFileReference</string>
			<key>lastKnownFileType</key>
			<string>text.xcconfig</string>
			<key>name</key>
			<string>Pods.release.xcconfig</string>
			<key>path</key>
			<string>Pods/Target Support Files/Pods/Pods.release.xcconfig</string>
			<key>sourceTree</key>
			<string>&lt;group&gt;</string>
		</dict>
		<key>EA5B6A493D7B38C56E4BB9B9</key>
		<dict>
			<key>children</key>
			<array>
				<string>08AFA3919DA56BEB5F6C6354</string>
				<string>CA6DB4F4A980E0F08C494354</string>
			</array>
			<key>isa</key>
			<string>PBXGroup</string>
			<key>name</key>
			<string>Pods</string>
			<key>sourceTree</key>
			<string>&lt;group&gt;</string>
		</dict>
		<key>EC4874006C85F5F02A748EDD</key>
		<dict>
			<key>buildActionMask</key>
			<string>2147483647</string>
			<key>files</key>
			<array/>
			<key>inputPaths</key>
			<array/>
			<key>isa</key>
			<string>PBXShellScriptBuildPhase</string>
			<key>name</key>
			<string>Copy Pods Resources</string>
			<key>outputPaths</key>
			<array/>
			<key>runOnlyForDeploymentPostprocessing</key>
			<string>0</string>
			<key>shellPath</key>
			<string>/bin/sh</string>
			<key>shellScript</key>
			<string>"${SRCROOT}/Pods/Target Support Files/Pods/Pods-resources.sh"
</string>
			<key>showEnvVarsInLog</key>
			<string>0</string>
		</dict>
		<key>F211D4F1725D3BFE956735DD</key>
		<dict>
			<key>explicitFileType</key>
			<string>archive.ar</string>
			<key>includeInIndex</key>
			<string>0</string>
			<key>isa</key>
			<string>PBXFileReference</string>
			<key>path</key>
			<string>libPods.a</string>
			<key>sourceTree</key>
			<string>BUILT_PRODUCTS_DIR</string>
		</dict>
	</dict>
	<key>rootObject</key>
	<string>9ECB1ED41A504C150092EFFA</string>
</dict>
</plist>
